// !$*UTF8*$!
{
	archiveVersion = 1;
	classes = {
	};
	objectVersion = 46;
	objects = {

/* Begin PBXBuildFile section */
		D00B4E281C6271AA00EEDAFC /* GameScene.sks in Resources */ = {isa = PBXBuildFile; fileRef = D00B4E271C6271AA00EEDAFC /* GameScene.sks */; };
		D05D6E261C6784E20019CC0E /* Constants.swift in Sources */ = {isa = PBXBuildFile; fileRef = D05D6E251C6784E20019CC0E /* Constants.swift */; };
		D05D6E2A1C67D6C70019CC0E /* Bolts.framework in Frameworks */ = {isa = PBXBuildFile; fileRef = D05D6E281C67D6C70019CC0E /* Bolts.framework */; };
		D05D6E2B1C67D6C70019CC0E /* Parse.framework in Frameworks */ = {isa = PBXBuildFile; fileRef = D05D6E291C67D6C70019CC0E /* Parse.framework */; };
		D06319B61C630E1100670704 /* GameOverScene.swift in Sources */ = {isa = PBXBuildFile; fileRef = D06319B51C630E1100670704 /* GameOverScene.swift */; };
		D06E247E1C67E07A00DDE3C1 /* HighscoreViewController.swift in Sources */ = {isa = PBXBuildFile; fileRef = D06E247D1C67E07A00DDE3C1 /* HighscoreViewController.swift */; };
		D06E24801C67E22B00DDE3C1 /* AudioToolbox.framework in Frameworks */ = {isa = PBXBuildFile; fileRef = D06E247F1C67E22B00DDE3C1 /* AudioToolbox.framework */; };
		D06E24821C67E23400DDE3C1 /* CFNetwork.framework in Frameworks */ = {isa = PBXBuildFile; fileRef = D06E24811C67E23400DDE3C1 /* CFNetwork.framework */; };
		D06E24841C67E23E00DDE3C1 /* CoreGraphics.framework in Frameworks */ = {isa = PBXBuildFile; fileRef = D06E24831C67E23E00DDE3C1 /* CoreGraphics.framework */; };
		D06E24861C67E24C00DDE3C1 /* CoreLocation.framework in Frameworks */ = {isa = PBXBuildFile; fileRef = D06E24851C67E24C00DDE3C1 /* CoreLocation.framework */; };
		D06E24881C67E25700DDE3C1 /* QuartzCore.framework in Frameworks */ = {isa = PBXBuildFile; fileRef = D06E24871C67E25700DDE3C1 /* QuartzCore.framework */; };
		D06E248A1C67E26200DDE3C1 /* Security.framework in Frameworks */ = {isa = PBXBuildFile; fileRef = D06E24891C67E26200DDE3C1 /* Security.framework */; };
		D06E248C1C67E26B00DDE3C1 /* StoreKit.framework in Frameworks */ = {isa = PBXBuildFile; fileRef = D06E248B1C67E26B00DDE3C1 /* StoreKit.framework */; };
		D06E248E1C67E27400DDE3C1 /* SystemConfiguration.framework in Frameworks */ = {isa = PBXBuildFile; fileRef = D06E248D1C67E27400DDE3C1 /* SystemConfiguration.framework */; };
		D06E24901C67E27D00DDE3C1 /* libz.tbd in Frameworks */ = {isa = PBXBuildFile; fileRef = D06E248F1C67E27D00DDE3C1 /* libz.tbd */; };
		D06E24921C67E28800DDE3C1 /* libsqlite3.tbd in Frameworks */ = {isa = PBXBuildFile; fileRef = D06E24911C67E28800DDE3C1 /* libsqlite3.tbd */; };
		D06E249D1C67EED700DDE3C1 /* CoreDataModels.xcdatamodeld in Sources */ = {isa = PBXBuildFile; fileRef = D06E249B1C67EED700DDE3C1 /* CoreDataModels.xcdatamodeld */; };
		D06E24A01C67F05B00DDE3C1 /* Score+CoreDataProperties.swift in Sources */ = {isa = PBXBuildFile; fileRef = D06E249E1C67F05B00DDE3C1 /* Score+CoreDataProperties.swift */; };
		D06E24A11C67F05B00DDE3C1 /* Score.swift in Sources */ = {isa = PBXBuildFile; fileRef = D06E249F1C67F05B00DDE3C1 /* Score.swift */; };
		D06E24A31C67F0E800DDE3C1 /* DataController.swift in Sources */ = {isa = PBXBuildFile; fileRef = D06E24A21C67F0E800DDE3C1 /* DataController.swift */; };
		D07374211C63091300D6CBE0 /* background.jpg in Resources */ = {isa = PBXBuildFile; fileRef = D07374201C63091200D6CBE0 /* background.jpg */; };
		D08E77791C667DBB00C095D0 /* Player.swift in Sources */ = {isa = PBXBuildFile; fileRef = D08E77781C667DBA00C095D0 /* Player.swift */; };
		D08E777B1C667DCF00C095D0 /* Enemy.swift in Sources */ = {isa = PBXBuildFile; fileRef = D08E777A1C667DCF00C095D0 /* Enemy.swift */; };
		D08E777D1C667EE000C095D0 /* Projectile.swift in Sources */ = {isa = PBXBuildFile; fileRef = D08E777C1C667EE000C095D0 /* Projectile.swift */; };
		D08E77801C669BA500C095D0 /* blast.mp3 in Resources */ = {isa = PBXBuildFile; fileRef = D08E777E1C669BA500C095D0 /* blast.mp3 */; };
		D08E77811C669BA500C095D0 /* music.mp3 in Resources */ = {isa = PBXBuildFile; fileRef = D08E777F1C669BA500C095D0 /* music.mp3 */; };
		D0AE21541C68437A00F124B2 /* Public.swift in Sources */ = {isa = PBXBuildFile; fileRef = D0AE21531C68437A00F124B2 /* Public.swift */; };
		D0B2FBCD1C663B31006CC92C /* MainMenu.m in Sources */ = {isa = PBXBuildFile; fileRef = D0B2FBCC1C663B31006CC92C /* MainMenu.m */; };
		D0D28F6E1C624B39004DB7B3 /* AppDelegate.swift in Sources */ = {isa = PBXBuildFile; fileRef = D0D28F6D1C624B38004DB7B3 /* AppDelegate.swift */; };
		D0D28F721C624B39004DB7B3 /* GameScene.swift in Sources */ = {isa = PBXBuildFile; fileRef = D0D28F711C624B39004DB7B3 /* GameScene.swift */; };
		D0D28F741C624B39004DB7B3 /* GameViewController.swift in Sources */ = {isa = PBXBuildFile; fileRef = D0D28F731C624B39004DB7B3 /* GameViewController.swift */; };
		D0D28F771C624B39004DB7B3 /* Main.storyboard in Resources */ = {isa = PBXBuildFile; fileRef = D0D28F751C624B39004DB7B3 /* Main.storyboard */; };
		D0D28F791C624B39004DB7B3 /* Assets.xcassets in Resources */ = {isa = PBXBuildFile; fileRef = D0D28F781C624B39004DB7B3 /* Assets.xcassets */; };
		D0D28F7C1C624B39004DB7B3 /* LaunchScreen.storyboard in Resources */ = {isa = PBXBuildFile; fileRef = D0D28F7A1C624B39004DB7B3 /* LaunchScreen.storyboard */; };
		D0D28F8A1C6260B7004DB7B3 /* proj1.png in Resources */ = {isa = PBXBuildFile; fileRef = D0D28F841C6260B7004DB7B3 /* proj1.png */; };
		D0D28F8B1C6260B7004DB7B3 /* proj2.png in Resources */ = {isa = PBXBuildFile; fileRef = D0D28F851C6260B7004DB7B3 /* proj2.png */; };
		D0D28F8C1C6260B7004DB7B3 /* proj3.png in Resources */ = {isa = PBXBuildFile; fileRef = D0D28F861C6260B7004DB7B3 /* proj3.png */; };
		D0D28F8D1C6260B7004DB7B3 /* proj4.png in Resources */ = {isa = PBXBuildFile; fileRef = D0D28F871C6260B7004DB7B3 /* proj4.png */; };
		D0D28F8E1C6260B7004DB7B3 /* ship.png in Resources */ = {isa = PBXBuildFile; fileRef = D0D28F881C6260B7004DB7B3 /* ship.png */; };
		D0D28F8F1C6260B7004DB7B3 /* ship1.png in Resources */ = {isa = PBXBuildFile; fileRef = D0D28F891C6260B7004DB7B3 /* ship1.png */; };
/* End PBXBuildFile section */

/* Begin PBXFileReference section */
		D00B4E271C6271AA00EEDAFC /* GameScene.sks */ = {isa = PBXFileReference; lastKnownFileType = file.sks; path = GameScene.sks; sourceTree = "<group>"; };
		D05D6E251C6784E20019CC0E /* Constants.swift */ = {isa = PBXFileReference; fileEncoding = 4; lastKnownFileType = sourcecode.swift; path = Constants.swift; sourceTree = "<group>"; };
		D05D6E281C67D6C70019CC0E /* Bolts.framework */ = {isa = PBXFileReference; lastKnownFileType = wrapper.framework; path = Bolts.framework; sourceTree = "<group>"; };
		D05D6E291C67D6C70019CC0E /* Parse.framework */ = {isa = PBXFileReference; lastKnownFileType = wrapper.framework; path = Parse.framework; sourceTree = "<group>"; };
		D06319B51C630E1100670704 /* GameOverScene.swift */ = {isa = PBXFileReference; fileEncoding = 4; lastKnownFileType = sourcecode.swift; path = GameOverScene.swift; sourceTree = "<group>"; };
		D06E247D1C67E07A00DDE3C1 /* HighscoreViewController.swift */ = {isa = PBXFileReference; fileEncoding = 4; lastKnownFileType = sourcecode.swift; path = HighscoreViewController.swift; sourceTree = "<group>"; };
		D06E247F1C67E22B00DDE3C1 /* AudioToolbox.framework */ = {isa = PBXFileReference; lastKnownFileType = wrapper.framework; name = AudioToolbox.framework; path = System/Library/Frameworks/AudioToolbox.framework; sourceTree = SDKROOT; };
		D06E24811C67E23400DDE3C1 /* CFNetwork.framework */ = {isa = PBXFileReference; lastKnownFileType = wrapper.framework; name = CFNetwork.framework; path = System/Library/Frameworks/CFNetwork.framework; sourceTree = SDKROOT; };
		D06E24831C67E23E00DDE3C1 /* CoreGraphics.framework */ = {isa = PBXFileReference; lastKnownFileType = wrapper.framework; name = CoreGraphics.framework; path = System/Library/Frameworks/CoreGraphics.framework; sourceTree = SDKROOT; };
		D06E24851C67E24C00DDE3C1 /* CoreLocation.framework */ = {isa = PBXFileReference; lastKnownFileType = wrapper.framework; name = CoreLocation.framework; path = System/Library/Frameworks/CoreLocation.framework; sourceTree = SDKROOT; };
		D06E24871C67E25700DDE3C1 /* QuartzCore.framework */ = {isa = PBXFileReference; lastKnownFileType = wrapper.framework; name = QuartzCore.framework; path = System/Library/Frameworks/QuartzCore.framework; sourceTree = SDKROOT; };
		D06E24891C67E26200DDE3C1 /* Security.framework */ = {isa = PBXFileReference; lastKnownFileType = wrapper.framework; name = Security.framework; path = System/Library/Frameworks/Security.framework; sourceTree = SDKROOT; };
		D06E248B1C67E26B00DDE3C1 /* StoreKit.framework */ = {isa = PBXFileReference; lastKnownFileType = wrapper.framework; name = StoreKit.framework; path = System/Library/Frameworks/StoreKit.framework; sourceTree = SDKROOT; };
		D06E248D1C67E27400DDE3C1 /* SystemConfiguration.framework */ = {isa = PBXFileReference; lastKnownFileType = wrapper.framework; name = SystemConfiguration.framework; path = System/Library/Frameworks/SystemConfiguration.framework; sourceTree = SDKROOT; };
		D06E248F1C67E27D00DDE3C1 /* libz.tbd */ = {isa = PBXFileReference; lastKnownFileType = "sourcecode.text-based-dylib-definition"; name = libz.tbd; path = usr/lib/libz.tbd; sourceTree = SDKROOT; };
		D06E24911C67E28800DDE3C1 /* libsqlite3.tbd */ = {isa = PBXFileReference; lastKnownFileType = "sourcecode.text-based-dylib-definition"; name = libsqlite3.tbd; path = usr/lib/libsqlite3.tbd; sourceTree = SDKROOT; };
		D06E249C1C67EED700DDE3C1 /* CoreDataModels.xcdatamodel */ = {isa = PBXFileReference; lastKnownFileType = wrapper.xcdatamodel; path = CoreDataModels.xcdatamodel; sourceTree = "<group>"; };
		D06E249E1C67F05B00DDE3C1 /* Score+CoreDataProperties.swift */ = {isa = PBXFileReference; fileEncoding = 4; lastKnownFileType = sourcecode.swift; name = "Score+CoreDataProperties.swift"; path = "JustAnotherSpaceGame/Score+CoreDataProperties.swift"; sourceTree = "<group>"; };
		D06E249F1C67F05B00DDE3C1 /* Score.swift */ = {isa = PBXFileReference; fileEncoding = 4; lastKnownFileType = sourcecode.swift; name = Score.swift; path = JustAnotherSpaceGame/Score.swift; sourceTree = "<group>"; };
		D06E24A21C67F0E800DDE3C1 /* DataController.swift */ = {isa = PBXFileReference; fileEncoding = 4; lastKnownFileType = sourcecode.swift; path = DataController.swift; sourceTree = "<group>"; };
		D07374201C63091200D6CBE0 /* background.jpg */ = {isa = PBXFileReference; lastKnownFileType = image.jpeg; path = background.jpg; sourceTree = "<group>"; };
		D08E77781C667DBA00C095D0 /* Player.swift */ = {isa = PBXFileReference; fileEncoding = 4; lastKnownFileType = sourcecode.swift; path = Player.swift; sourceTree = "<group>"; };
		D08E777A1C667DCF00C095D0 /* Enemy.swift */ = {isa = PBXFileReference; fileEncoding = 4; lastKnownFileType = sourcecode.swift; path = Enemy.swift; sourceTree = "<group>"; };
		D08E777C1C667EE000C095D0 /* Projectile.swift */ = {isa = PBXFileReference; fileEncoding = 4; lastKnownFileType = sourcecode.swift; path = Projectile.swift; sourceTree = "<group>"; };
		D08E777E1C669BA500C095D0 /* blast.mp3 */ = {isa = PBXFileReference; lastKnownFileType = audio.mp3; path = blast.mp3; sourceTree = "<group>"; };
		D08E777F1C669BA500C095D0 /* music.mp3 */ = {isa = PBXFileReference; lastKnownFileType = audio.mp3; path = music.mp3; sourceTree = "<group>"; };
		D0AE21531C68437A00F124B2 /* Public.swift */ = {isa = PBXFileReference; fileEncoding = 4; lastKnownFileType = sourcecode.swift; path = Public.swift; sourceTree = "<group>"; };
		D0B2FBCA1C663B30006CC92C /* JustAnotherSpaceGame-Bridging-Header.h */ = {isa = PBXFileReference; lastKnownFileType = sourcecode.c.h; path = "JustAnotherSpaceGame-Bridging-Header.h"; sourceTree = "<group>"; };
		D0B2FBCB1C663B31006CC92C /* MainMenu.h */ = {isa = PBXFileReference; fileEncoding = 4; lastKnownFileType = sourcecode.c.h; path = MainMenu.h; sourceTree = "<group>"; };
		D0B2FBCC1C663B31006CC92C /* MainMenu.m */ = {isa = PBXFileReference; fileEncoding = 4; lastKnownFileType = sourcecode.c.objc; path = MainMenu.m; sourceTree = "<group>"; };
		D0D28F6A1C624B38004DB7B3 /* JustAnotherSpaceGame.app */ = {isa = PBXFileReference; explicitFileType = wrapper.application; includeInIndex = 0; path = JustAnotherSpaceGame.app; sourceTree = BUILT_PRODUCTS_DIR; };
		D0D28F6D1C624B38004DB7B3 /* AppDelegate.swift */ = {isa = PBXFileReference; lastKnownFileType = sourcecode.swift; path = AppDelegate.swift; sourceTree = "<group>"; };
		D0D28F711C624B39004DB7B3 /* GameScene.swift */ = {isa = PBXFileReference; lastKnownFileType = sourcecode.swift; path = GameScene.swift; sourceTree = "<group>"; };
		D0D28F731C624B39004DB7B3 /* GameViewController.swift */ = {isa = PBXFileReference; lastKnownFileType = sourcecode.swift; path = GameViewController.swift; sourceTree = "<group>"; };
		D0D28F761C624B39004DB7B3 /* Base */ = {isa = PBXFileReference; lastKnownFileType = file.storyboard; name = Base; path = Base.lproj/Main.storyboard; sourceTree = "<group>"; };
		D0D28F781C624B39004DB7B3 /* Assets.xcassets */ = {isa = PBXFileReference; lastKnownFileType = folder.assetcatalog; path = Assets.xcassets; sourceTree = "<group>"; };
		D0D28F7B1C624B39004DB7B3 /* Base */ = {isa = PBXFileReference; lastKnownFileType = file.storyboard; name = Base; path = Base.lproj/LaunchScreen.storyboard; sourceTree = "<group>"; };
		D0D28F7D1C624B39004DB7B3 /* Info.plist */ = {isa = PBXFileReference; lastKnownFileType = text.plist.xml; path = Info.plist; sourceTree = "<group>"; };
		D0D28F841C6260B7004DB7B3 /* proj1.png */ = {isa = PBXFileReference; lastKnownFileType = image.png; path = proj1.png; sourceTree = "<group>"; };
		D0D28F851C6260B7004DB7B3 /* proj2.png */ = {isa = PBXFileReference; lastKnownFileType = image.png; path = proj2.png; sourceTree = "<group>"; };
		D0D28F861C6260B7004DB7B3 /* proj3.png */ = {isa = PBXFileReference; lastKnownFileType = image.png; path = proj3.png; sourceTree = "<group>"; };
		D0D28F871C6260B7004DB7B3 /* proj4.png */ = {isa = PBXFileReference; lastKnownFileType = image.png; path = proj4.png; sourceTree = "<group>"; };
		D0D28F881C6260B7004DB7B3 /* ship.png */ = {isa = PBXFileReference; lastKnownFileType = image.png; path = ship.png; sourceTree = "<group>"; };
		D0D28F891C6260B7004DB7B3 /* ship1.png */ = {isa = PBXFileReference; lastKnownFileType = image.png; path = ship1.png; sourceTree = "<group>"; };
/* End PBXFileReference section */

/* Begin PBXFrameworksBuildPhase section */
		D0D28F671C624B38004DB7B3 /* Frameworks */ = {
			isa = PBXFrameworksBuildPhase;
			buildActionMask = 2147483647;
			files = (
				D06E24921C67E28800DDE3C1 /* libsqlite3.tbd in Frameworks */,
				D06E24901C67E27D00DDE3C1 /* libz.tbd in Frameworks */,
				D06E248E1C67E27400DDE3C1 /* SystemConfiguration.framework in Frameworks */,
				D06E248C1C67E26B00DDE3C1 /* StoreKit.framework in Frameworks */,
				D06E248A1C67E26200DDE3C1 /* Security.framework in Frameworks */,
				D06E24881C67E25700DDE3C1 /* QuartzCore.framework in Frameworks */,
				D06E24861C67E24C00DDE3C1 /* CoreLocation.framework in Frameworks */,
				D06E24841C67E23E00DDE3C1 /* CoreGraphics.framework in Frameworks */,
				D06E24821C67E23400DDE3C1 /* CFNetwork.framework in Frameworks */,
				D06E24801C67E22B00DDE3C1 /* AudioToolbox.framework in Frameworks */,
				D05D6E2B1C67D6C70019CC0E /* Parse.framework in Frameworks */,
				D05D6E2A1C67D6C70019CC0E /* Bolts.framework in Frameworks */,
			);
			runOnlyForDeploymentPostprocessing = 0;
		};
/* End PBXFrameworksBuildPhase section */

/* Begin PBXGroup section */
		D05D6E271C67D6A40019CC0E /* Frameworks */ = {
			isa = PBXGroup;
			children = (
				D06E24911C67E28800DDE3C1 /* libsqlite3.tbd */,
				D06E248F1C67E27D00DDE3C1 /* libz.tbd */,
				D06E248D1C67E27400DDE3C1 /* SystemConfiguration.framework */,
				D06E248B1C67E26B00DDE3C1 /* StoreKit.framework */,
				D06E24891C67E26200DDE3C1 /* Security.framework */,
				D06E24871C67E25700DDE3C1 /* QuartzCore.framework */,
				D06E24851C67E24C00DDE3C1 /* CoreLocation.framework */,
				D06E24831C67E23E00DDE3C1 /* CoreGraphics.framework */,
				D06E24811C67E23400DDE3C1 /* CFNetwork.framework */,
				D06E247F1C67E22B00DDE3C1 /* AudioToolbox.framework */,
				D05D6E281C67D6C70019CC0E /* Bolts.framework */,
				D05D6E291C67D6C70019CC0E /* Parse.framework */,
			);
			name = Frameworks;
			sourceTree = "<group>";
		};
		D08E77771C667D8400C095D0 /* Models */ = {
			isa = PBXGroup;
			children = (
				D08E77781C667DBA00C095D0 /* Player.swift */,
				D08E777A1C667DCF00C095D0 /* Enemy.swift */,
				D08E777C1C667EE000C095D0 /* Projectile.swift */,
			);
			name = Models;
			sourceTree = "<group>";
		};
		D0D28F611C624B38004DB7B3 = {
			isa = PBXGroup;
			children = (
				D06E24A21C67F0E800DDE3C1 /* DataController.swift */,
				D06E249E1C67F05B00DDE3C1 /* Score+CoreDataProperties.swift */,
				D06E249F1C67F05B00DDE3C1 /* Score.swift */,
				D0D28F6C1C624B38004DB7B3 /* JustAnotherSpaceGame */,
				D0D28F6B1C624B38004DB7B3 /* Products */,
			);
			sourceTree = "<group>";
		};
		D0D28F6B1C624B38004DB7B3 /* Products */ = {
			isa = PBXGroup;
			children = (
				D0D28F6A1C624B38004DB7B3 /* JustAnotherSpaceGame.app */,
			);
			name = Products;
			sourceTree = "<group>";
		};
		D0D28F6C1C624B38004DB7B3 /* JustAnotherSpaceGame */ = {
			isa = PBXGroup;
			children = (
				D05D6E271C67D6A40019CC0E /* Frameworks */,
				D08E77771C667D8400C095D0 /* Models */,
				D00B4E271C6271AA00EEDAFC /* GameScene.sks */,
				D0D28F6D1C624B38004DB7B3 /* AppDelegate.swift */,
				D0D28F711C624B39004DB7B3 /* GameScene.swift */,
				D0D28F731C624B39004DB7B3 /* GameViewController.swift */,
				D06319B51C630E1100670704 /* GameOverScene.swift */,
				D06E247D1C67E07A00DDE3C1 /* HighscoreViewController.swift */,
				D0D28F751C624B39004DB7B3 /* Main.storyboard */,
				D0D28F831C626094004DB7B3 /* SupportingFiles */,
				D0D28F781C624B39004DB7B3 /* Assets.xcassets */,
				D0D28F7A1C624B39004DB7B3 /* LaunchScreen.storyboard */,
				D0D28F7D1C624B39004DB7B3 /* Info.plist */,
				D0B2FBCB1C663B31006CC92C /* MainMenu.h */,
				D0B2FBCC1C663B31006CC92C /* MainMenu.m */,
				D0B2FBCA1C663B30006CC92C /* JustAnotherSpaceGame-Bridging-Header.h */,
				D06E249B1C67EED700DDE3C1 /* CoreDataModels.xcdatamodeld */,
				D05D6E251C6784E20019CC0E /* Constants.swift */,
				D0AE21531C68437A00F124B2 /* Public.swift */,
			);
			path = JustAnotherSpaceGame;
			sourceTree = "<group>";
		};
		D0D28F831C626094004DB7B3 /* SupportingFiles */ = {
			isa = PBXGroup;
			children = (
				D08E777E1C669BA500C095D0 /* blast.mp3 */,
				D08E777F1C669BA500C095D0 /* music.mp3 */,
				D07374201C63091200D6CBE0 /* background.jpg */,
				D0D28F841C6260B7004DB7B3 /* proj1.png */,
				D0D28F851C6260B7004DB7B3 /* proj2.png */,
				D0D28F861C6260B7004DB7B3 /* proj3.png */,
				D0D28F871C6260B7004DB7B3 /* proj4.png */,
				D0D28F881C6260B7004DB7B3 /* ship.png */,
				D0D28F891C6260B7004DB7B3 /* ship1.png */,
			);
			name = SupportingFiles;
			sourceTree = "<group>";
		};
/* End PBXGroup section */

/* Begin PBXNativeTarget section */
		D0D28F691C624B38004DB7B3 /* JustAnotherSpaceGame */ = {
			isa = PBXNativeTarget;
			buildConfigurationList = D0D28F801C624B39004DB7B3 /* Build configuration list for PBXNativeTarget "JustAnotherSpaceGame" */;
			buildPhases = (
				D0D28F661C624B38004DB7B3 /* Sources */,
				D0D28F671C624B38004DB7B3 /* Frameworks */,
				D0D28F681C624B38004DB7B3 /* Resources */,
			);
			buildRules = (
			);
			dependencies = (
			);
			name = JustAnotherSpaceGame;
			productName = JustAnotherSpaceGame;
			productReference = D0D28F6A1C624B38004DB7B3 /* JustAnotherSpaceGame.app */;
			productType = "com.apple.product-type.application";
		};
/* End PBXNativeTarget section */

/* Begin PBXProject section */
		D0D28F621C624B38004DB7B3 /* Project object */ = {
			isa = PBXProject;
			attributes = {
				LastSwiftUpdateCheck = 0720;
				LastUpgradeCheck = 0720;
				ORGANIZATIONNAME = PeterK;
				TargetAttributes = {
					D0D28F691C624B38004DB7B3 = {
						CreatedOnToolsVersion = 7.2;
						DevelopmentTeam = 9Y2EY3WE5T;
					};
				};
			};
			buildConfigurationList = D0D28F651C624B38004DB7B3 /* Build configuration list for PBXProject "JustAnotherSpaceGame" */;
			compatibilityVersion = "Xcode 3.2";
			developmentRegion = English;
			hasScannedForEncodings = 0;
			knownRegions = (
				en,
				Base,
			);
			mainGroup = D0D28F611C624B38004DB7B3;
			productRefGroup = D0D28F6B1C624B38004DB7B3 /* Products */;
			projectDirPath = "";
			projectRoot = "";
			targets = (
				D0D28F691C624B38004DB7B3 /* JustAnotherSpaceGame */,
			);
		};
/* End PBXProject section */

/* Begin PBXResourcesBuildPhase section */
		D0D28F681C624B38004DB7B3 /* Resources */ = {
			isa = PBXResourcesBuildPhase;
			buildActionMask = 2147483647;
			files = (
				D0D28F8C1C6260B7004DB7B3 /* proj3.png in Resources */,
				D0D28F8F1C6260B7004DB7B3 /* ship1.png in Resources */,
				D0D28F8E1C6260B7004DB7B3 /* ship.png in Resources */,
				D0D28F8A1C6260B7004DB7B3 /* proj1.png in Resources */,
				D0D28F8D1C6260B7004DB7B3 /* proj4.png in Resources */,
				D08E77801C669BA500C095D0 /* blast.mp3 in Resources */,
				D0D28F7C1C624B39004DB7B3 /* LaunchScreen.storyboard in Resources */,
				D00B4E281C6271AA00EEDAFC /* GameScene.sks in Resources */,
				D0D28F791C624B39004DB7B3 /* Assets.xcassets in Resources */,
				D08E77811C669BA500C095D0 /* music.mp3 in Resources */,
				D0D28F771C624B39004DB7B3 /* Main.storyboard in Resources */,
				D07374211C63091300D6CBE0 /* background.jpg in Resources */,
				D0D28F8B1C6260B7004DB7B3 /* proj2.png in Resources */,
			);
			runOnlyForDeploymentPostprocessing = 0;
		};
/* End PBXResourcesBuildPhase section */

/* Begin PBXSourcesBuildPhase section */
		D0D28F661C624B38004DB7B3 /* Sources */ = {
			isa = PBXSourcesBuildPhase;
			buildActionMask = 2147483647;
			files = (
				D08E777B1C667DCF00C095D0 /* Enemy.swift in Sources */,
				D0B2FBCD1C663B31006CC92C /* MainMenu.m in Sources */,
				D0AE21541C68437A00F124B2 /* Public.swift in Sources */,
				D0D28F721C624B39004DB7B3 /* GameScene.swift in Sources */,
				D0D28F741C624B39004DB7B3 /* GameViewController.swift in Sources */,
				D06E24A01C67F05B00DDE3C1 /* Score+CoreDataProperties.swift in Sources */,
				D08E777D1C667EE000C095D0 /* Projectile.swift in Sources */,
				D06319B61C630E1100670704 /* GameOverScene.swift in Sources */,
				D06E24A31C67F0E800DDE3C1 /* DataController.swift in Sources */,
				D08E77791C667DBB00C095D0 /* Player.swift in Sources */,
				D06E24A11C67F05B00DDE3C1 /* Score.swift in Sources */,
				D0D28F6E1C624B39004DB7B3 /* AppDelegate.swift in Sources */,
				D05D6E261C6784E20019CC0E /* Constants.swift in Sources */,
				D06E249D1C67EED700DDE3C1 /* CoreDataModels.xcdatamodeld in Sources */,
				D06E247E1C67E07A00DDE3C1 /* HighscoreViewController.swift in Sources */,
			);
			runOnlyForDeploymentPostprocessing = 0;
		};
/* End PBXSourcesBuildPhase section */

/* Begin PBXVariantGroup section */
		D0D28F751C624B39004DB7B3 /* Main.storyboard */ = {
			isa = PBXVariantGroup;
			children = (
				D0D28F761C624B39004DB7B3 /* Base */,
			);
			name = Main.storyboard;
			sourceTree = "<group>";
		};
		D0D28F7A1C624B39004DB7B3 /* LaunchScreen.storyboard */ = {
			isa = PBXVariantGroup;
			children = (
				D0D28F7B1C624B39004DB7B3 /* Base */,
			);
			name = LaunchScreen.storyboard;
			sourceTree = "<group>";
		};
/* End PBXVariantGroup section */

/* Begin XCBuildConfiguration section */
		D0D28F7E1C624B39004DB7B3 /* Debug */ = {
			isa = XCBuildConfiguration;
			buildSettings = {
				ALWAYS_SEARCH_USER_PATHS = NO;
				CLANG_CXX_LANGUAGE_STANDARD = "gnu++0x";
				CLANG_CXX_LIBRARY = "libc++";
				CLANG_ENABLE_MODULES = YES;
				CLANG_ENABLE_OBJC_ARC = YES;
				CLANG_WARN_BOOL_CONVERSION = YES;
				CLANG_WARN_CONSTANT_CONVERSION = YES;
				CLANG_WARN_DIRECT_OBJC_ISA_USAGE = YES_ERROR;
				CLANG_WARN_EMPTY_BODY = YES;
				CLANG_WARN_ENUM_CONVERSION = YES;
				CLANG_WARN_INT_CONVERSION = YES;
				CLANG_WARN_OBJC_ROOT_CLASS = YES_ERROR;
				CLANG_WARN_UNREACHABLE_CODE = YES;
				CLANG_WARN__DUPLICATE_METHOD_MATCH = YES;
				"CODE_SIGN_IDENTITY[sdk=iphoneos*]" = "iPhone Developer";
				COPY_PHASE_STRIP = NO;
				DEBUG_INFORMATION_FORMAT = "dwarf-with-dsym";
				ENABLE_STRICT_OBJC_MSGSEND = YES;
				ENABLE_TESTABILITY = YES;
				GCC_C_LANGUAGE_STANDARD = gnu99;
				GCC_DYNAMIC_NO_PIC = NO;
				GCC_NO_COMMON_BLOCKS = YES;
				GCC_OPTIMIZATION_LEVEL = 0;
				GCC_PREPROCESSOR_DEFINITIONS = (
					"DEBUG=1",
					"$(inherited)",
				);
				GCC_WARN_64_TO_32_BIT_CONVERSION = YES;
				GCC_WARN_ABOUT_RETURN_TYPE = YES_ERROR;
				GCC_WARN_UNDECLARED_SELECTOR = YES;
				GCC_WARN_UNINITIALIZED_AUTOS = YES_AGGRESSIVE;
				GCC_WARN_UNUSED_FUNCTION = YES;
				GCC_WARN_UNUSED_VARIABLE = YES;
				IPHONEOS_DEPLOYMENT_TARGET = 9.2;
				MTL_ENABLE_DEBUG_INFO = YES;
				ONLY_ACTIVE_ARCH = YES;
				SDKROOT = iphoneos;
				SWIFT_OPTIMIZATION_LEVEL = "-Onone";
			};
			name = Debug;
		};
		D0D28F7F1C624B39004DB7B3 /* Release */ = {
			isa = XCBuildConfiguration;
			buildSettings = {
				ALWAYS_SEARCH_USER_PATHS = NO;
				CLANG_CXX_LANGUAGE_STANDARD = "gnu++0x";
				CLANG_CXX_LIBRARY = "libc++";
				CLANG_ENABLE_MODULES = YES;
				CLANG_ENABLE_OBJC_ARC = YES;
				CLANG_WARN_BOOL_CONVERSION = YES;
				CLANG_WARN_CONSTANT_CONVERSION = YES;
				CLANG_WARN_DIRECT_OBJC_ISA_USAGE = YES_ERROR;
				CLANG_WARN_EMPTY_BODY = YES;
				CLANG_WARN_ENUM_CONVERSION = YES;
				CLANG_WARN_INT_CONVERSION = YES;
				CLANG_WARN_OBJC_ROOT_CLASS = YES_ERROR;
				CLANG_WARN_UNREACHABLE_CODE = YES;
				CLANG_WARN__DUPLICATE_METHOD_MATCH = YES;
				"CODE_SIGN_IDENTITY[sdk=iphoneos*]" = "iPhone Developer";
				COPY_PHASE_STRIP = NO;
				DEBUG_INFORMATION_FORMAT = "dwarf-with-dsym";
				ENABLE_NS_ASSERTIONS = NO;
				ENABLE_STRICT_OBJC_MSGSEND = YES;
				GCC_C_LANGUAGE_STANDARD = gnu99;
				GCC_NO_COMMON_BLOCKS = YES;
				GCC_WARN_64_TO_32_BIT_CONVERSION = YES;
				GCC_WARN_ABOUT_RETURN_TYPE = YES_ERROR;
				GCC_WARN_UNDECLARED_SELECTOR = YES;
				GCC_WARN_UNINITIALIZED_AUTOS = YES_AGGRESSIVE;
				GCC_WARN_UNUSED_FUNCTION = YES;
				GCC_WARN_UNUSED_VARIABLE = YES;
				IPHONEOS_DEPLOYMENT_TARGET = 9.2;
				MTL_ENABLE_DEBUG_INFO = NO;
				SDKROOT = iphoneos;
				VALIDATE_PRODUCT = YES;
			};
			name = Release;
		};
		D0D28F811C624B39004DB7B3 /* Debug */ = {
			isa = XCBuildConfiguration;
			buildSettings = {
				ASSETCATALOG_COMPILER_APPICON_NAME = AppIcon;
				CLANG_ENABLE_MODULES = YES;
				CODE_SIGN_IDENTITY = "iPhone Developer";
				"CODE_SIGN_IDENTITY[sdk=iphoneos*]" = "iPhone Developer";
				FRAMEWORK_SEARCH_PATHS = (
					"$(inherited)",
					"$(PROJECT_DIR)/JustAnotherSpaceGame",
				);
				INFOPLIST_FILE = JustAnotherSpaceGame/Info.plist;
				LD_RUNPATH_SEARCH_PATHS = "$(inherited) @executable_path/Frameworks";
				PRODUCT_BUNDLE_IDENTIFIER = Peterkkk.JustAnotherSpaceGame;
				PRODUCT_NAME = "$(TARGET_NAME)";
				PROVISIONING_PROFILE = "";
				SWIFT_OBJC_BRIDGING_HEADER = "JustAnotherSpaceGame/JustAnotherSpaceGame-Bridging-Header.h";
				SWIFT_OPTIMIZATION_LEVEL = "-Onone";
			};
			name = Debug;
		};
		D0D28F821C624B39004DB7B3 /* Release */ = {
			isa = XCBuildConfiguration;
			buildSettings = {
				ASSETCATALOG_COMPILER_APPICON_NAME = AppIcon;
				CLANG_ENABLE_MODULES = YES;
				CODE_SIGN_IDENTITY = "iPhone Developer";
				"CODE_SIGN_IDENTITY[sdk=iphoneos*]" = "iPhone Developer";
				FRAMEWORK_SEARCH_PATHS = (
					"$(inherited)",
					"$(PROJECT_DIR)/JustAnotherSpaceGame",
				);
				INFOPLIST_FILE = JustAnotherSpaceGame/Info.plist;
				LD_RUNPATH_SEARCH_PATHS = "$(inherited) @executable_path/Frameworks";
				PRODUCT_BUNDLE_IDENTIFIER = Peterkkk.JustAnotherSpaceGame;
				PRODUCT_NAME = "$(TARGET_NAME)";
				PROVISIONING_PROFILE = "";
				SWIFT_OBJC_BRIDGING_HEADER = "JustAnotherSpaceGame/JustAnotherSpaceGame-Bridging-Header.h";
			};
			name = Release;
		};
/* End XCBuildConfiguration section */

/* Begin XCConfigurationList section */
		D0D28F651C624B38004DB7B3 /* Build configuration list for PBXProject "JustAnotherSpaceGame" */ = {
			isa = XCConfigurationList;
			buildConfigurations = (
				D0D28F7E1C624B39004DB7B3 /* Debug */,
				D0D28F7F1C624B39004DB7B3 /* Release */,
			);
			defaultConfigurationIsVisible = 0;
			defaultConfigurationName = Release;
		};
		D0D28F801C624B39004DB7B3 /* Build configuration list for PBXNativeTarget "JustAnotherSpaceGame" */ = {
			isa = XCConfigurationList;
			buildConfigurations = (
				D0D28F811C624B39004DB7B3 /* Debug */,
				D0D28F821C624B39004DB7B3 /* Release */,
			);
			defaultConfigurationIsVisible = 0;
			defaultConfigurationName = Release;
		};
/* End XCConfigurationList section */

/* Begin XCVersionGroup section */
		D06E249B1C67EED700DDE3C1 /* CoreDataModels.xcdatamodeld */ = {
			isa = XCVersionGroup;
			children = (
				D06E249C1C67EED700DDE3C1 /* CoreDataModels.xcdatamodel */,
			);
			currentVersion = D06E249C1C67EED700DDE3C1 /* CoreDataModels.xcdatamodel */;
			path = CoreDataModels.xcdatamodeld;
			sourceTree = "<group>";
			versionGroupType = wrapper.xcdatamodel;
		};
/* End XCVersionGroup section */
	};
	rootObject = D0D28F621C624B38004DB7B3 /* Project object */;
}
